{
  "name": "attend",
  "lockfileVersion": 3,
  "requires": true,
  "packages": {
    "": {
      "dependencies": {
        "highcharts": "^10.3.3",
        "ionicons-npm": "^2.0.1",
        "jquery": "^3.6.1"
      }
    },
    "node_modules/highcharts": {
      "version": "10.3.3",
      "resolved": "https://registry.npmjs.org/highcharts/-/highcharts-10.3.3.tgz",
      "integrity": "sha512-r7wgUPQI9tr3jFDn3XT36qsNwEIZYcfgz4mkKEA6E4nn5p86y+u1EZjazIG4TRkl5/gmGRtkBUiZW81g029RIw==",
      "license": "https://www.highcharts.com/license"
    },
    "node_modules/ionicons-npm": {
      "version": "2.0.1",
      "resolved": "https://registry.npmjs.org/ionicons-npm/-/ionicons-npm-2.0.1.tgz",
      "integrity": "sha512-QkC+NYCGWUuhrz/2hDqjcTIrH8NMfsy1XgpVtM7+F8xtxcUGtUagdu1ykDcXDnNTKXbniLb0RZp2QlMT5n9k1w==",
      "license": "ISC"
    },
    "node_modules/jquery": {
      "version": "3.7.1",
      "resolved": "https://registry.npmjs.org/jquery/-/jquery-3.7.1.tgz",
      "integrity": "sha512-m4avr8yL8kmFN8psrbFFFmB/If14iN5o9nw/NgnnM+kybDJpRsAynV2BsfpTYrTRysYUdADVD7CkUUizgkpLfg==",
      "license": "MIT"
    }
  }
}
