{
  "name": "biotimehrm",
  "lockfileVersion": 2,
  "requires": true,
  "packages": {
    "": {
      "dependencies": {
        "highcharts": "^10.2.1",
        "ionicons-npm": "^2.0.1",
        "jquery": "^3.6.1"
      }
    },
    "node_modules/highcharts": {
      "version": "10.2.1",
      "resolved": "https://registry.npmjs.org/highcharts/-/highcharts-10.2.1.tgz",
      "integrity": "sha512-4QwLQwWc0XdBHXc2Uy6IJisAUir+sgQIMyFqYZc3BD9iFSFUdllLkRyoed6y33aPb73LAMZE2qLB5SuLqFE/fg=="
    },
    "node_modules/ionicons-npm": {
      "version": "2.0.1",
      "resolved": "https://registry.npmjs.org/ionicons-npm/-/ionicons-npm-2.0.1.tgz",
      "integrity": "sha512-QkC+NYCGWUuhrz/2hDqjcTIrH8NMfsy1XgpVtM7+F8xtxcUGtUagdu1ykDcXDnNTKXbniLb0RZp2QlMT5n9k1w=="
    },
    "node_modules/jquery": {
      "version": "3.6.1",
      "resolved": "https://registry.npmjs.org/jquery/-/jquery-3.6.1.tgz",
      "integrity": "sha512-opJeO4nCucVnsjiXOE+/PcCgYw9Gwpvs/a6B1LL/lQhwWwpbVEVYDZ1FokFr8PRc7ghYlrFPuyHuiiDNTQxmcw=="
    }
  },
  "dependencies": {
    "highcharts": {
      "version": "10.2.1",
      "resolved": "https://registry.npmjs.org/highcharts/-/highcharts-10.2.1.tgz",
      "integrity": "sha512-4QwLQwWc0XdBHXc2Uy6IJisAUir+sgQIMyFqYZc3BD9iFSFUdllLkRyoed6y33aPb73LAMZE2qLB5SuLqFE/fg=="
    },
    "ionicons-npm": {
      "version": "2.0.1",
      "resolved": "https://registry.npmjs.org/ionicons-npm/-/ionicons-npm-2.0.1.tgz",
      "integrity": "sha512-QkC+NYCGWUuhrz/2hDqjcTIrH8NMfsy1XgpVtM7+F8xtxcUGtUagdu1ykDcXDnNTKXbniLb0RZp2QlMT5n9k1w=="
    },
    "jquery": {
      "version": "3.6.1",
      "resolved": "https://registry.npmjs.org/jquery/-/jquery-3.6.1.tgz",
      "integrity": "sha512-opJeO4nCucVnsjiXOE+/PcCgYw9Gwpvs/a6B1LL/lQhwWwpbVEVYDZ1FokFr8PRc7ghYlrFPuyHuiiDNTQxmcw=="
    }
  }
}
